
Microsoft Visual Studio Solution File, Format Version 11.00
# Visual Studio 2010
Project("{FAE04EC0-301F-11D3-BF4B-00C04F79EFBC}") = "GLSharp", "GLSharp.csproj", "{30B60C25-D36D-41C9-8724-8691FB1AE16D}"
EndProject
Global
	GlobalSection(SolutionConfigurationPlatforms) = preSolution
		Debug|Any CPU = Debug|Any CPU
		Release|Any CPU = Release|Any CPU
	EndGlobalSection
	GlobalSection(ProjectConfigurationPlatforms) = postSolution
		{30B60C25-D36D-41C9-8724-8691FB1AE16D}.Debug|Any CPU.ActiveCfg = Debug|Any CPU
		{30B60C25-D36D-41C9-8724-8691FB1AE16D}.Debug|Any CPU.Build.0 = Debug|Any CPU
		{30B60C25-D36D-41C9-8724-8691FB1AE16D}.Release|Any CPU.ActiveCfg = Release|Any CPU
		{30B60C25-D36D-41C9-8724-8691FB1AE16D}.Release|Any CPU.Build.0 = Release|Any CPU
	EndGlobalSection
	GlobalSection(MonoDevelopProperties) = preSolution
		StartupItem = GLSharp.csproj
	EndGlobalSection
EndGlobal
